
Microsoft Visual Studio Solution File, Format Version 12.00
# Visual Studio 15
VisualStudioVersion = 15.0.26228.4
MinimumVisualStudioVersion = 10.0.40219.1
Project("{9A19103F-16F7-4668-BE54-9A1E7A4F7556}") = "BirdEyeDetector", "BirdEyeDetector.csproj", "{107FE777-7404-40E1-B802-6E2BA70A594C}"
EndProject
Global
	GlobalSection(SolutionConfigurationPlatforms) = preSolution
		Debug|Any CPU = Debug|Any CPU
		Debug|x64 = Debug|x64
		Release|Any CPU = Release|Any CPU
		Release|x64 = Release|x64
	EndGlobalSection
	GlobalSection(ProjectConfigurationPlatforms) = postSolution
		{107FE777-7404-40E1-B802-6E2BA70A594C}.Debug|Any CPU.ActiveCfg = Debug|Any CPU
		{107FE777-7404-40E1-B802-6E2BA70A594C}.Debug|Any CPU.Build.0 = Debug|Any CPU
		{107FE777-7404-40E1-B802-6E2BA70A594C}.Debug|x64.ActiveCfg = Debug|Any CPU
		{107FE777-7404-40E1-B802-6E2BA70A594C}.Debug|x64.Build.0 = Debug|Any CPU
		{107FE777-7404-40E1-B802-6E2BA70A594C}.Release|Any CPU.ActiveCfg = Release|Any CPU
		{107FE777-7404-40E1-B802-6E2BA70A594C}.Release|Any CPU.Build.0 = Release|Any CPU
		{107FE777-7404-40E1-B802-6E2BA70A594C}.Release|x64.ActiveCfg = Release|Any CPU
		{107FE777-7404-40E1-B802-6E2BA70A594C}.Release|x64.Build.0 = Release|Any CPU
	EndGlobalSection
	GlobalSection(SolutionProperties) = preSolution
		HideSolutionNode = FALSE
	EndGlobalSection
	GlobalSection(ExtensibilityGlobals) = postSolution
		SolutionGuid = {89AF380C-1756-406A-933F-2589A87E430C}
	EndGlobalSection
EndGlobal
